
Microsoft Visual Studio Solution File, Format Version 12.00
# Visual Studio 14
VisualStudioVersion = 14.0.25420.1
MinimumVisualStudioVersion = 10.0.40219.1
Project("{FAE04EC0-301F-11D3-BF4B-00C04F79EFBC}") = "ConsoleApplication1", "ConsoleApplication1\ConsoleApplication1.csproj", "{746175CC-8174-440A-BAD8-2F13E2C48C9A}"
EndProject
Project("{FAE04EC0-301F-11D3-BF4B-00C04F79EFBC}") = "Communication", "Communication\Communication.csproj", "{4AB051D8-0EF4-4502-9D8C-211E43C2BBDA}"
EndProject
Project("{FAE04EC0-301F-11D3-BF4B-00C04F79EFBC}") = "Client", "Client\Client.csproj", "{C60F4DB5-181A-4E7E-A624-DCAB34E11B34}"
EndProject
Project("{FAE04EC0-301F-11D3-BF4B-00C04F79EFBC}") = "ClientUI", "WindowsFormsApplication1\ClientUI.csproj", "{9918A259-C3D8-43A3-A078-5C7EB8A8520F}"
EndProject
Project("{FAE04EC0-301F-11D3-BF4B-00C04F79EFBC}") = "ClinetUIForExampleServer", "ClinetUIForExampleServer\ClinetUIForExampleServer.csproj", "{FC29E8B5-C810-4CA5-8610-85CF6DC2EA0E}"
EndProject
Project("{FAE04EC0-301F-11D3-BF4B-00C04F79EFBC}") = "Remoter", "UDPServer\Remoter.csproj", "{F39B9032-E7AD-47E9-BD17-6E7305D1BA4A}"
EndProject
Project("{FAE04EC0-301F-11D3-BF4B-00C04F79EFBC}") = "UDPConsole", "UDPConsole\UDPConsole.csproj", "{B90A34B2-FBE7-422C-AC8C-8AD004B02234}"
EndProject
Project("{FAE04EC0-301F-11D3-BF4B-00C04F79EFBC}") = "UDPClient_Console", "UDPClient_Console\UDPClient_Console.csproj", "{AE0EACB9-086A-421C-91F8-4DF4C0CF5834}"
EndProject
Project("{FAE04EC0-301F-11D3-BF4B-00C04F79EFBC}") = "FS", "FS\FS.csproj", "{0303CB0C-CB11-4183-B220-F6979ECF01B5}"
EndProject
Global
	GlobalSection(SolutionConfigurationPlatforms) = preSolution
		Debug|Any CPU = Debug|Any CPU
		Debug|x64 = Debug|x64
		Debug|x86 = Debug|x86
		Release|Any CPU = Release|Any CPU
		Release|x64 = Release|x64
		Release|x86 = Release|x86
	EndGlobalSection
	GlobalSection(ProjectConfigurationPlatforms) = postSolution
		{746175CC-8174-440A-BAD8-2F13E2C48C9A}.Debug|Any CPU.ActiveCfg = Debug|Any CPU
		{746175CC-8174-440A-BAD8-2F13E2C48C9A}.Debug|Any CPU.Build.0 = Debug|Any CPU
		{746175CC-8174-440A-BAD8-2F13E2C48C9A}.Debug|x64.ActiveCfg = Debug|x64
		{746175CC-8174-440A-BAD8-2F13E2C48C9A}.Debug|x64.Build.0 = Debug|x64
		{746175CC-8174-440A-BAD8-2F13E2C48C9A}.Debug|x86.ActiveCfg = Debug|x86
		{746175CC-8174-440A-BAD8-2F13E2C48C9A}.Debug|x86.Build.0 = Debug|x86
		{746175CC-8174-440A-BAD8-2F13E2C48C9A}.Release|Any CPU.ActiveCfg = Release|Any CPU
		{746175CC-8174-440A-BAD8-2F13E2C48C9A}.Release|Any CPU.Build.0 = Release|Any CPU
		{746175CC-8174-440A-BAD8-2F13E2C48C9A}.Release|x64.ActiveCfg = Release|x64
		{746175CC-8174-440A-BAD8-2F13E2C48C9A}.Release|x64.Build.0 = Release|x64
		{746175CC-8174-440A-BAD8-2F13E2C48C9A}.Release|x86.ActiveCfg = Release|x86
		{746175CC-8174-440A-BAD8-2F13E2C48C9A}.Release|x86.Build.0 = Release|x86
		{4AB051D8-0EF4-4502-9D8C-211E43C2BBDA}.Debug|Any CPU.ActiveCfg = Debug|Any CPU
		{4AB051D8-0EF4-4502-9D8C-211E43C2BBDA}.Debug|Any CPU.Build.0 = Debug|Any CPU
		{4AB051D8-0EF4-4502-9D8C-211E43C2BBDA}.Debug|x64.ActiveCfg = Debug|Any CPU
		{4AB051D8-0EF4-4502-9D8C-211E43C2BBDA}.Debug|x64.Build.0 = Debug|Any CPU
		{4AB051D8-0EF4-4502-9D8C-211E43C2BBDA}.Debug|x86.ActiveCfg = Debug|Any CPU
		{4AB051D8-0EF4-4502-9D8C-211E43C2BBDA}.Debug|x86.Build.0 = Debug|Any CPU
		{4AB051D8-0EF4-4502-9D8C-211E43C2BBDA}.Release|Any CPU.ActiveCfg = Release|Any CPU
		{4AB051D8-0EF4-4502-9D8C-211E43C2BBDA}.Release|Any CPU.Build.0 = Release|Any CPU
		{4AB051D8-0EF4-4502-9D8C-211E43C2BBDA}.Release|x64.ActiveCfg = Release|Any CPU
		{4AB051D8-0EF4-4502-9D8C-211E43C2BBDA}.Release|x64.Build.0 = Release|Any CPU
		{4AB051D8-0EF4-4502-9D8C-211E43C2BBDA}.Release|x86.ActiveCfg = Release|Any CPU
		{4AB051D8-0EF4-4502-9D8C-211E43C2BBDA}.Release|x86.Build.0 = Release|Any CPU
		{C60F4DB5-181A-4E7E-A624-DCAB34E11B34}.Debug|Any CPU.ActiveCfg = Debug|Any CPU
		{C60F4DB5-181A-4E7E-A624-DCAB34E11B34}.Debug|Any CPU.Build.0 = Debug|Any CPU
		{C60F4DB5-181A-4E7E-A624-DCAB34E11B34}.Debug|x64.ActiveCfg = Debug|Any CPU
		{C60F4DB5-181A-4E7E-A624-DCAB34E11B34}.Debug|x64.Build.0 = Debug|Any CPU
		{C60F4DB5-181A-4E7E-A624-DCAB34E11B34}.Debug|x86.ActiveCfg = Debug|Any CPU
		{C60F4DB5-181A-4E7E-A624-DCAB34E11B34}.Debug|x86.Build.0 = Debug|Any CPU
		{C60F4DB5-181A-4E7E-A624-DCAB34E11B34}.Release|Any CPU.ActiveCfg = Release|Any CPU
		{C60F4DB5-181A-4E7E-A624-DCAB34E11B34}.Release|Any CPU.Build.0 = Release|Any CPU
		{C60F4DB5-181A-4E7E-A624-DCAB34E11B34}.Release|x64.ActiveCfg = Release|Any CPU
		{C60F4DB5-181A-4E7E-A624-DCAB34E11B34}.Release|x64.Build.0 = Release|Any CPU
		{C60F4DB5-181A-4E7E-A624-DCAB34E11B34}.Release|x86.ActiveCfg = Release|Any CPU
		{C60F4DB5-181A-4E7E-A624-DCAB34E11B34}.Release|x86.Build.0 = Release|Any CPU
		{9918A259-C3D8-43A3-A078-5C7EB8A8520F}.Debug|Any CPU.ActiveCfg = Debug|Any CPU
		{9918A259-C3D8-43A3-A078-5C7EB8A8520F}.Debug|Any CPU.Build.0 = Debug|Any CPU
		{9918A259-C3D8-43A3-A078-5C7EB8A8520F}.Debug|x64.ActiveCfg = Debug|Any CPU
		{9918A259-C3D8-43A3-A078-5C7EB8A8520F}.Debug|x64.Build.0 = Debug|Any CPU
		{9918A259-C3D8-43A3-A078-5C7EB8A8520F}.Debug|x86.ActiveCfg = Debug|Any CPU
		{9918A259-C3D8-43A3-A078-5C7EB8A8520F}.Debug|x86.Build.0 = Debug|Any CPU
		{9918A259-C3D8-43A3-A078-5C7EB8A8520F}.Release|Any CPU.ActiveCfg = Release|Any CPU
		{9918A259-C3D8-43A3-A078-5C7EB8A8520F}.Release|Any CPU.Build.0 = Release|Any CPU
		{9918A259-C3D8-43A3-A078-5C7EB8A8520F}.Release|x64.ActiveCfg = Release|Any CPU
		{9918A259-C3D8-43A3-A078-5C7EB8A8520F}.Release|x64.Build.0 = Release|Any CPU
		{9918A259-C3D8-43A3-A078-5C7EB8A8520F}.Release|x86.ActiveCfg = Release|Any CPU
		{9918A259-C3D8-43A3-A078-5C7EB8A8520F}.Release|x86.Build.0 = Release|Any CPU
		{FC29E8B5-C810-4CA5-8610-85CF6DC2EA0E}.Debug|Any CPU.ActiveCfg = Debug|Any CPU
		{FC29E8B5-C810-4CA5-8610-85CF6DC2EA0E}.Debug|Any CPU.Build.0 = Debug|Any CPU
		{FC29E8B5-C810-4CA5-8610-85CF6DC2EA0E}.Debug|x64.ActiveCfg = Debug|Any CPU
		{FC29E8B5-C810-4CA5-8610-85CF6DC2EA0E}.Debug|x64.Build.0 = Debug|Any CPU
		{FC29E8B5-C810-4CA5-8610-85CF6DC2EA0E}.Debug|x86.ActiveCfg = Debug|Any CPU
		{FC29E8B5-C810-4CA5-8610-85CF6DC2EA0E}.Debug|x86.Build.0 = Debug|Any CPU
		{FC29E8B5-C810-4CA5-8610-85CF6DC2EA0E}.Release|Any CPU.ActiveCfg = Release|Any CPU
		{FC29E8B5-C810-4CA5-8610-85CF6DC2EA0E}.Release|Any CPU.Build.0 = Release|Any CPU
		{FC29E8B5-C810-4CA5-8610-85CF6DC2EA0E}.Release|x64.ActiveCfg = Release|Any CPU
		{FC29E8B5-C810-4CA5-8610-85CF6DC2EA0E}.Release|x64.Build.0 = Release|Any CPU
		{FC29E8B5-C810-4CA5-8610-85CF6DC2EA0E}.Release|x86.ActiveCfg = Release|Any CPU
		{FC29E8B5-C810-4CA5-8610-85CF6DC2EA0E}.Release|x86.Build.0 = Release|Any CPU
		{F39B9032-E7AD-47E9-BD17-6E7305D1BA4A}.Debug|Any CPU.ActiveCfg = Debug|Any CPU
		{F39B9032-E7AD-47E9-BD17-6E7305D1BA4A}.Debug|Any CPU.Build.0 = Debug|Any CPU
		{F39B9032-E7AD-47E9-BD17-6E7305D1BA4A}.Debug|x64.ActiveCfg = Debug|Any CPU
		{F39B9032-E7AD-47E9-BD17-6E7305D1BA4A}.Debug|x64.Build.0 = Debug|Any CPU
		{F39B9032-E7AD-47E9-BD17-6E7305D1BA4A}.Debug|x86.ActiveCfg = Debug|Any CPU
		{F39B9032-E7AD-47E9-BD17-6E7305D1BA4A}.Debug|x86.Build.0 = Debug|Any CPU
		{F39B9032-E7AD-47E9-BD17-6E7305D1BA4A}.Release|Any CPU.ActiveCfg = Release|Any CPU
		{F39B9032-E7AD-47E9-BD17-6E7305D1BA4A}.Release|Any CPU.Build.0 = Release|Any CPU
		{F39B9032-E7AD-47E9-BD17-6E7305D1BA4A}.Release|x64.ActiveCfg = Release|Any CPU
		{F39B9032-E7AD-47E9-BD17-6E7305D1BA4A}.Release|x64.Build.0 = Release|Any CPU
		{F39B9032-E7AD-47E9-BD17-6E7305D1BA4A}.Release|x86.ActiveCfg = Release|Any CPU
		{F39B9032-E7AD-47E9-BD17-6E7305D1BA4A}.Release|x86.Build.0 = Release|Any CPU
		{B90A34B2-FBE7-422C-AC8C-8AD004B02234}.Debug|Any CPU.ActiveCfg = Debug|Any CPU
		{B90A34B2-FBE7-422C-AC8C-8AD004B02234}.Debug|Any CPU.Build.0 = Debug|Any CPU
		{B90A34B2-FBE7-422C-AC8C-8AD004B02234}.Debug|x64.ActiveCfg = Debug|Any CPU
		{B90A34B2-FBE7-422C-AC8C-8AD004B02234}.Debug|x64.Build.0 = Debug|Any CPU
		{B90A34B2-FBE7-422C-AC8C-8AD004B02234}.Debug|x86.ActiveCfg = Debug|Any CPU
		{B90A34B2-FBE7-422C-AC8C-8AD004B02234}.Debug|x86.Build.0 = Debug|Any CPU
		{B90A34B2-FBE7-422C-AC8C-8AD004B02234}.Release|Any CPU.ActiveCfg = Release|Any CPU
		{B90A34B2-FBE7-422C-AC8C-8AD004B02234}.Release|Any CPU.Build.0 = Release|Any CPU
		{B90A34B2-FBE7-422C-AC8C-8AD004B02234}.Release|x64.ActiveCfg = Release|Any CPU
		{B90A34B2-FBE7-422C-AC8C-8AD004B02234}.Release|x64.Build.0 = Release|Any CPU
		{B90A34B2-FBE7-422C-AC8C-8AD004B02234}.Release|x86.ActiveCfg = Release|Any CPU
		{B90A34B2-FBE7-422C-AC8C-8AD004B02234}.Release|x86.Build.0 = Release|Any CPU
		{AE0EACB9-086A-421C-91F8-4DF4C0CF5834}.Debug|Any CPU.ActiveCfg = Debug|Any CPU
		{AE0EACB9-086A-421C-91F8-4DF4C0CF5834}.Debug|Any CPU.Build.0 = Debug|Any CPU
		{AE0EACB9-086A-421C-91F8-4DF4C0CF5834}.Debug|x64.ActiveCfg = Debug|Any CPU
		{AE0EACB9-086A-421C-91F8-4DF4C0CF5834}.Debug|x64.Build.0 = Debug|Any CPU
		{AE0EACB9-086A-421C-91F8-4DF4C0CF5834}.Debug|x86.ActiveCfg = Debug|Any CPU
		{AE0EACB9-086A-421C-91F8-4DF4C0CF5834}.Debug|x86.Build.0 = Debug|Any CPU
		{AE0EACB9-086A-421C-91F8-4DF4C0CF5834}.Release|Any CPU.ActiveCfg = Release|Any CPU
		{AE0EACB9-086A-421C-91F8-4DF4C0CF5834}.Release|Any CPU.Build.0 = Release|Any CPU
		{AE0EACB9-086A-421C-91F8-4DF4C0CF5834}.Release|x64.ActiveCfg = Release|Any CPU
		{AE0EACB9-086A-421C-91F8-4DF4C0CF5834}.Release|x64.Build.0 = Release|Any CPU
		{AE0EACB9-086A-421C-91F8-4DF4C0CF5834}.Release|x86.ActiveCfg = Release|Any CPU
		{AE0EACB9-086A-421C-91F8-4DF4C0CF5834}.Release|x86.Build.0 = Release|Any CPU
		{0303CB0C-CB11-4183-B220-F6979ECF01B5}.Debug|Any CPU.ActiveCfg = Debug|Any CPU
		{0303CB0C-CB11-4183-B220-F6979ECF01B5}.Debug|Any CPU.Build.0 = Debug|Any CPU
		{0303CB0C-CB11-4183-B220-F6979ECF01B5}.Debug|x64.ActiveCfg = Debug|Any CPU
		{0303CB0C-CB11-4183-B220-F6979ECF01B5}.Debug|x64.Build.0 = Debug|Any CPU
		{0303CB0C-CB11-4183-B220-F6979ECF01B5}.Debug|x86.ActiveCfg = Debug|Any CPU
		{0303CB0C-CB11-4183-B220-F6979ECF01B5}.Debug|x86.Build.0 = Debug|Any CPU
		{0303CB0C-CB11-4183-B220-F6979ECF01B5}.Release|Any CPU.ActiveCfg = Release|Any CPU
		{0303CB0C-CB11-4183-B220-F6979ECF01B5}.Release|Any CPU.Build.0 = Release|Any CPU
		{0303CB0C-CB11-4183-B220-F6979ECF01B5}.Release|x64.ActiveCfg = Release|Any CPU
		{0303CB0C-CB11-4183-B220-F6979ECF01B5}.Release|x64.Build.0 = Release|Any CPU
		{0303CB0C-CB11-4183-B220-F6979ECF01B5}.Release|x86.ActiveCfg = Release|Any CPU
		{0303CB0C-CB11-4183-B220-F6979ECF01B5}.Release|x86.Build.0 = Release|Any CPU
	EndGlobalSection
	GlobalSection(SolutionProperties) = preSolution
		HideSolutionNode = FALSE
	EndGlobalSection
EndGlobal
